
Microsoft Visual Studio Solution File, Format Version 12.00
# Visual Studio Version 16
VisualStudioVersion = 16.0.29609.76
MinimumVisualStudioVersion = 10.0.40219.1
Project("{9A19103F-16F7-4668-BE54-9A1E7A4F7556}") = "DLEDotNet", "DLEDotNet\DLEDotNet.csproj", "{71FF3377-2D3B-4911-8D00-66F910FA8B90}"
EndProject
Project("{9A19103F-16F7-4668-BE54-9A1E7A4F7556}") = "LibDescent.Data", "LibDescent\Data\LibDescent.Data.csproj", "{2575E719-599F-457F-BD42-58DC8466B0A5}"
EndProject
Project("{9A19103F-16F7-4668-BE54-9A1E7A4F7556}") = "LibDescent.Edit", "LibDescent\Edit\LibDescent.Edit.csproj", "{1B55BB54-B400-407D-BCD0-2077CC73300B}"
EndProject
Project("{9A19103F-16F7-4668-BE54-9A1E7A4F7556}") = "LibDescent.Tests", "LibDescent\Tests\LibDescent.Tests.csproj", "{A0CC055D-1B69-40B4-8557-3B5031171A5C}"
EndProject
Project("{8BC9CEB8-8B4A-11D0-8D11-00A0C91BC942}") = "DLE.Core", "DLE\Core\DLE.Core.vcxproj", "{57D9B500-1AEC-434F-9A0C-5DB4383AA442}"
EndProject
Project("{8BC9CEB8-8B4A-11D0-8D11-00A0C91BC942}") = "DLE.DataTypes", "DLE\DataTypes\DLE.DataTypes.vcxproj", "{D3B6E4E3-EC8A-4B81-BEE1-E4E481D9939A}"
EndProject
Project("{8BC9CEB8-8B4A-11D0-8D11-00A0C91BC942}") = "DLE.Managers", "DLE\Managers\DLE.Managers.vcxproj", "{1A1BD677-4BFC-4B6D-9562-13F6DFB87DDE}"
EndProject
Project("{8BC9CEB8-8B4A-11D0-8D11-00A0C91BC942}") = "DLE.ManagedWrappers", "DLE\ManagedWrappers\DLE.ManagedWrappers.vcxproj", "{BC898186-68E5-4FA8-82D6-54222806C4AA}"
EndProject
Project("{8BC9CEB8-8B4A-11D0-8D11-00A0C91BC942}") = "DLE.Editor", "DLE\Editor\DLE.Editor.vcxproj", "{B1ED4CCD-992E-48E3-808A-64A33D8EC7F7}"
EndProject
Global
	GlobalSection(SolutionConfigurationPlatforms) = preSolution
		Debug|Any CPU = Debug|Any CPU
		Debug|x64 = Debug|x64
		Debug|x86 = Debug|x86
		Release|Any CPU = Release|Any CPU
		Release|x64 = Release|x64
		Release|x86 = Release|x86
	EndGlobalSection
	GlobalSection(ProjectConfigurationPlatforms) = postSolution
		{71FF3377-2D3B-4911-8D00-66F910FA8B90}.Debug|Any CPU.ActiveCfg = Debug|Any CPU
		{71FF3377-2D3B-4911-8D00-66F910FA8B90}.Debug|Any CPU.Build.0 = Debug|Any CPU
		{71FF3377-2D3B-4911-8D00-66F910FA8B90}.Debug|x64.ActiveCfg = Debug|x64
		{71FF3377-2D3B-4911-8D00-66F910FA8B90}.Debug|x64.Build.0 = Debug|x64
		{71FF3377-2D3B-4911-8D00-66F910FA8B90}.Debug|x86.ActiveCfg = Debug|x86
		{71FF3377-2D3B-4911-8D00-66F910FA8B90}.Debug|x86.Build.0 = Debug|x86
		{71FF3377-2D3B-4911-8D00-66F910FA8B90}.Release|Any CPU.ActiveCfg = Release|Any CPU
		{71FF3377-2D3B-4911-8D00-66F910FA8B90}.Release|Any CPU.Build.0 = Release|Any CPU
		{71FF3377-2D3B-4911-8D00-66F910FA8B90}.Release|x64.ActiveCfg = Release|x64
		{71FF3377-2D3B-4911-8D00-66F910FA8B90}.Release|x64.Build.0 = Release|x64
		{71FF3377-2D3B-4911-8D00-66F910FA8B90}.Release|x86.ActiveCfg = Release|x86
		{71FF3377-2D3B-4911-8D00-66F910FA8B90}.Release|x86.Build.0 = Release|x86
		{2575E719-599F-457F-BD42-58DC8466B0A5}.Debug|Any CPU.ActiveCfg = Debug|Any CPU
		{2575E719-599F-457F-BD42-58DC8466B0A5}.Debug|Any CPU.Build.0 = Debug|Any CPU
		{2575E719-599F-457F-BD42-58DC8466B0A5}.Debug|x64.ActiveCfg = Debug|Any CPU
		{2575E719-599F-457F-BD42-58DC8466B0A5}.Debug|x64.Build.0 = Debug|Any CPU
		{2575E719-599F-457F-BD42-58DC8466B0A5}.Debug|x86.ActiveCfg = Debug|Any CPU
		{2575E719-599F-457F-BD42-58DC8466B0A5}.Debug|x86.Build.0 = Debug|Any CPU
		{2575E719-599F-457F-BD42-58DC8466B0A5}.Release|Any CPU.ActiveCfg = Release|Any CPU
		{2575E719-599F-457F-BD42-58DC8466B0A5}.Release|Any CPU.Build.0 = Release|Any CPU
		{2575E719-599F-457F-BD42-58DC8466B0A5}.Release|x64.ActiveCfg = Release|Any CPU
		{2575E719-599F-457F-BD42-58DC8466B0A5}.Release|x64.Build.0 = Release|Any CPU
		{2575E719-599F-457F-BD42-58DC8466B0A5}.Release|x86.ActiveCfg = Release|Any CPU
		{2575E719-599F-457F-BD42-58DC8466B0A5}.Release|x86.Build.0 = Release|Any CPU
		{1B55BB54-B400-407D-BCD0-2077CC73300B}.Debug|Any CPU.ActiveCfg = Debug|Any CPU
		{1B55BB54-B400-407D-BCD0-2077CC73300B}.Debug|Any CPU.Build.0 = Debug|Any CPU
		{1B55BB54-B400-407D-BCD0-2077CC73300B}.Debug|x64.ActiveCfg = Debug|Any CPU
		{1B55BB54-B400-407D-BCD0-2077CC73300B}.Debug|x64.Build.0 = Debug|Any CPU
		{1B55BB54-B400-407D-BCD0-2077CC73300B}.Debug|x86.ActiveCfg = Debug|Any CPU
		{1B55BB54-B400-407D-BCD0-2077CC73300B}.Debug|x86.Build.0 = Debug|Any CPU
		{1B55BB54-B400-407D-BCD0-2077CC73300B}.Release|Any CPU.ActiveCfg = Release|Any CPU
		{1B55BB54-B400-407D-BCD0-2077CC73300B}.Release|Any CPU.Build.0 = Release|Any CPU
		{1B55BB54-B400-407D-BCD0-2077CC73300B}.Release|x64.ActiveCfg = Release|Any CPU
		{1B55BB54-B400-407D-BCD0-2077CC73300B}.Release|x64.Build.0 = Release|Any CPU
		{1B55BB54-B400-407D-BCD0-2077CC73300B}.Release|x86.ActiveCfg = Release|Any CPU
		{1B55BB54-B400-407D-BCD0-2077CC73300B}.Release|x86.Build.0 = Release|Any CPU
		{A0CC055D-1B69-40B4-8557-3B5031171A5C}.Debug|Any CPU.ActiveCfg = Debug|Any CPU
		{A0CC055D-1B69-40B4-8557-3B5031171A5C}.Debug|Any CPU.Build.0 = Debug|Any CPU
		{A0CC055D-1B69-40B4-8557-3B5031171A5C}.Debug|x64.ActiveCfg = Debug|Any CPU
		{A0CC055D-1B69-40B4-8557-3B5031171A5C}.Debug|x64.Build.0 = Debug|Any CPU
		{A0CC055D-1B69-40B4-8557-3B5031171A5C}.Debug|x86.ActiveCfg = Debug|Any CPU
		{A0CC055D-1B69-40B4-8557-3B5031171A5C}.Debug|x86.Build.0 = Debug|Any CPU
		{A0CC055D-1B69-40B4-8557-3B5031171A5C}.Release|Any CPU.ActiveCfg = Release|Any CPU
		{A0CC055D-1B69-40B4-8557-3B5031171A5C}.Release|Any CPU.Build.0 = Release|Any CPU
		{A0CC055D-1B69-40B4-8557-3B5031171A5C}.Release|x64.ActiveCfg = Release|Any CPU
		{A0CC055D-1B69-40B4-8557-3B5031171A5C}.Release|x64.Build.0 = Release|Any CPU
		{A0CC055D-1B69-40B4-8557-3B5031171A5C}.Release|x86.ActiveCfg = Release|Any CPU
		{A0CC055D-1B69-40B4-8557-3B5031171A5C}.Release|x86.Build.0 = Release|Any CPU
		{57D9B500-1AEC-434F-9A0C-5DB4383AA442}.Debug|Any CPU.ActiveCfg = Debug|Win32
		{57D9B500-1AEC-434F-9A0C-5DB4383AA442}.Debug|Any CPU.Build.0 = Debug|Win32
		{57D9B500-1AEC-434F-9A0C-5DB4383AA442}.Debug|x64.ActiveCfg = Debug|x64
		{57D9B500-1AEC-434F-9A0C-5DB4383AA442}.Debug|x64.Build.0 = Debug|x64
		{57D9B500-1AEC-434F-9A0C-5DB4383AA442}.Debug|x86.ActiveCfg = Debug|Win32
		{57D9B500-1AEC-434F-9A0C-5DB4383AA442}.Debug|x86.Build.0 = Debug|Win32
		{57D9B500-1AEC-434F-9A0C-5DB4383AA442}.Release|Any CPU.ActiveCfg = Release|Win32
		{57D9B500-1AEC-434F-9A0C-5DB4383AA442}.Release|Any CPU.Build.0 = Release|Win32
		{57D9B500-1AEC-434F-9A0C-5DB4383AA442}.Release|x64.ActiveCfg = Release|x64
		{57D9B500-1AEC-434F-9A0C-5DB4383AA442}.Release|x64.Build.0 = Release|x64
		{57D9B500-1AEC-434F-9A0C-5DB4383AA442}.Release|x86.ActiveCfg = Release|Win32
		{57D9B500-1AEC-434F-9A0C-5DB4383AA442}.Release|x86.Build.0 = Release|Win32
		{D3B6E4E3-EC8A-4B81-BEE1-E4E481D9939A}.Debug|Any CPU.ActiveCfg = Debug|Win32
		{D3B6E4E3-EC8A-4B81-BEE1-E4E481D9939A}.Debug|Any CPU.Build.0 = Debug|Win32
		{D3B6E4E3-EC8A-4B81-BEE1-E4E481D9939A}.Debug|x64.ActiveCfg = Debug|x64
		{D3B6E4E3-EC8A-4B81-BEE1-E4E481D9939A}.Debug|x64.Build.0 = Debug|x64
		{D3B6E4E3-EC8A-4B81-BEE1-E4E481D9939A}.Debug|x86.ActiveCfg = Debug|Win32
		{D3B6E4E3-EC8A-4B81-BEE1-E4E481D9939A}.Debug|x86.Build.0 = Debug|Win32
		{D3B6E4E3-EC8A-4B81-BEE1-E4E481D9939A}.Release|Any CPU.ActiveCfg = Release|Win32
		{D3B6E4E3-EC8A-4B81-BEE1-E4E481D9939A}.Release|Any CPU.Build.0 = Release|Win32
		{D3B6E4E3-EC8A-4B81-BEE1-E4E481D9939A}.Release|x64.ActiveCfg = Release|x64
		{D3B6E4E3-EC8A-4B81-BEE1-E4E481D9939A}.Release|x64.Build.0 = Release|x64
		{D3B6E4E3-EC8A-4B81-BEE1-E4E481D9939A}.Release|x86.ActiveCfg = Release|Win32
		{D3B6E4E3-EC8A-4B81-BEE1-E4E481D9939A}.Release|x86.Build.0 = Release|Win32
		{1A1BD677-4BFC-4B6D-9562-13F6DFB87DDE}.Debug|Any CPU.ActiveCfg = Debug|Win32
		{1A1BD677-4BFC-4B6D-9562-13F6DFB87DDE}.Debug|Any CPU.Build.0 = Debug|Win32
		{1A1BD677-4BFC-4B6D-9562-13F6DFB87DDE}.Debug|x64.ActiveCfg = Debug|x64
		{1A1BD677-4BFC-4B6D-9562-13F6DFB87DDE}.Debug|x64.Build.0 = Debug|x64
		{1A1BD677-4BFC-4B6D-9562-13F6DFB87DDE}.Debug|x86.ActiveCfg = Debug|Win32
		{1A1BD677-4BFC-4B6D-9562-13F6DFB87DDE}.Debug|x86.Build.0 = Debug|Win32
		{1A1BD677-4BFC-4B6D-9562-13F6DFB87DDE}.Release|Any CPU.ActiveCfg = Release|Win32
		{1A1BD677-4BFC-4B6D-9562-13F6DFB87DDE}.Release|Any CPU.Build.0 = Release|Win32
		{1A1BD677-4BFC-4B6D-9562-13F6DFB87DDE}.Release|x64.ActiveCfg = Release|x64
		{1A1BD677-4BFC-4B6D-9562-13F6DFB87DDE}.Release|x64.Build.0 = Release|x64
		{1A1BD677-4BFC-4B6D-9562-13F6DFB87DDE}.Release|x86.ActiveCfg = Release|Win32
		{1A1BD677-4BFC-4B6D-9562-13F6DFB87DDE}.Release|x86.Build.0 = Release|Win32
		{BC898186-68E5-4FA8-82D6-54222806C4AA}.Debug|Any CPU.ActiveCfg = Debug|Win32
		{BC898186-68E5-4FA8-82D6-54222806C4AA}.Debug|Any CPU.Build.0 = Debug|Win32
		{BC898186-68E5-4FA8-82D6-54222806C4AA}.Debug|x64.ActiveCfg = Debug|x64
		{BC898186-68E5-4FA8-82D6-54222806C4AA}.Debug|x64.Build.0 = Debug|x64
		{BC898186-68E5-4FA8-82D6-54222806C4AA}.Debug|x86.ActiveCfg = Debug|Win32
		{BC898186-68E5-4FA8-82D6-54222806C4AA}.Debug|x86.Build.0 = Debug|Win32
		{BC898186-68E5-4FA8-82D6-54222806C4AA}.Release|Any CPU.ActiveCfg = Release|Win32
		{BC898186-68E5-4FA8-82D6-54222806C4AA}.Release|Any CPU.Build.0 = Release|Win32
		{BC898186-68E5-4FA8-82D6-54222806C4AA}.Release|x64.ActiveCfg = Release|x64
		{BC898186-68E5-4FA8-82D6-54222806C4AA}.Release|x64.Build.0 = Release|x64
		{BC898186-68E5-4FA8-82D6-54222806C4AA}.Release|x86.ActiveCfg = Release|Win32
		{BC898186-68E5-4FA8-82D6-54222806C4AA}.Release|x86.Build.0 = Release|Win32
		{B1ED4CCD-992E-48E3-808A-64A33D8EC7F7}.Debug|Any CPU.ActiveCfg = Debug|Win32
		{B1ED4CCD-992E-48E3-808A-64A33D8EC7F7}.Debug|Any CPU.Build.0 = Debug|Win32
		{B1ED4CCD-992E-48E3-808A-64A33D8EC7F7}.Debug|x64.ActiveCfg = Debug|x64
		{B1ED4CCD-992E-48E3-808A-64A33D8EC7F7}.Debug|x64.Build.0 = Debug|x64
		{B1ED4CCD-992E-48E3-808A-64A33D8EC7F7}.Debug|x86.ActiveCfg = Debug|Win32
		{B1ED4CCD-992E-48E3-808A-64A33D8EC7F7}.Debug|x86.Build.0 = Debug|Win32
		{B1ED4CCD-992E-48E3-808A-64A33D8EC7F7}.Release|Any CPU.ActiveCfg = Release|Win32
		{B1ED4CCD-992E-48E3-808A-64A33D8EC7F7}.Release|Any CPU.Build.0 = Release|Win32
		{B1ED4CCD-992E-48E3-808A-64A33D8EC7F7}.Release|x64.ActiveCfg = Release|x64
		{B1ED4CCD-992E-48E3-808A-64A33D8EC7F7}.Release|x64.Build.0 = Release|x64
		{B1ED4CCD-992E-48E3-808A-64A33D8EC7F7}.Release|x86.ActiveCfg = Release|Win32
		{B1ED4CCD-992E-48E3-808A-64A33D8EC7F7}.Release|x86.Build.0 = Release|Win32
	EndGlobalSection
	GlobalSection(SolutionProperties) = preSolution
		HideSolutionNode = FALSE
	EndGlobalSection
	GlobalSection(ExtensibilityGlobals) = postSolution
		SolutionGuid = {B85A0A17-4C7D-456A-8F9A-C5A60162CCB2}
	EndGlobalSection
EndGlobal
