
Microsoft Visual Studio Solution File, Format Version 12.00
# Visual Studio Version 16
VisualStudioVersion = 16.0.29609.76
MinimumVisualStudioVersion = 10.0.40219.1
Project("{9A19103F-16F7-4668-BE54-9A1E7A4F7556}") = "DLEDotNet", "DLEDotNet\DLEDotNet.csproj", "{71FF3377-2D3B-4911-8D00-66F910FA8B90}"
EndProject
Project("{9A19103F-16F7-4668-BE54-9A1E7A4F7556}") = "LibDescent.Data", "LibDescent\Data\LibDescent.Data.csproj", "{2575E719-599F-457F-BD42-58DC8466B0A5}"
EndProject
Project("{9A19103F-16F7-4668-BE54-9A1E7A4F7556}") = "LibDescent.Edit", "LibDescent\Edit\LibDescent.Edit.csproj", "{1B55BB54-B400-407D-BCD0-2077CC73300B}"
EndProject
Project("{9A19103F-16F7-4668-BE54-9A1E7A4F7556}") = "LibDescent.Tests", "LibDescent\Tests\LibDescent.Tests.csproj", "{A0CC055D-1B69-40B4-8557-3B5031171A5C}"
EndProject
Global
	GlobalSection(SolutionConfigurationPlatforms) = preSolution
		Debug|Any CPU = Debug|Any CPU
		Release|Any CPU = Release|Any CPU
	EndGlobalSection
	GlobalSection(ProjectConfigurationPlatforms) = postSolution
		{71FF3377-2D3B-4911-8D00-66F910FA8B90}.Debug|Any CPU.ActiveCfg = Debug|Any CPU
		{71FF3377-2D3B-4911-8D00-66F910FA8B90}.Debug|Any CPU.Build.0 = Debug|Any CPU
		{71FF3377-2D3B-4911-8D00-66F910FA8B90}.Release|Any CPU.ActiveCfg = Release|Any CPU
		{71FF3377-2D3B-4911-8D00-66F910FA8B90}.Release|Any CPU.Build.0 = Release|Any CPU
		{2575E719-599F-457F-BD42-58DC8466B0A5}.Debug|Any CPU.ActiveCfg = Debug|Any CPU
		{2575E719-599F-457F-BD42-58DC8466B0A5}.Debug|Any CPU.Build.0 = Debug|Any CPU
		{2575E719-599F-457F-BD42-58DC8466B0A5}.Release|Any CPU.ActiveCfg = Release|Any CPU
		{2575E719-599F-457F-BD42-58DC8466B0A5}.Release|Any CPU.Build.0 = Release|Any CPU
		{1B55BB54-B400-407D-BCD0-2077CC73300B}.Debug|Any CPU.ActiveCfg = Debug|Any CPU
		{1B55BB54-B400-407D-BCD0-2077CC73300B}.Debug|Any CPU.Build.0 = Debug|Any CPU
		{1B55BB54-B400-407D-BCD0-2077CC73300B}.Release|Any CPU.ActiveCfg = Release|Any CPU
		{1B55BB54-B400-407D-BCD0-2077CC73300B}.Release|Any CPU.Build.0 = Release|Any CPU
		{A0CC055D-1B69-40B4-8557-3B5031171A5C}.Debug|Any CPU.ActiveCfg = Debug|Any CPU
		{A0CC055D-1B69-40B4-8557-3B5031171A5C}.Debug|Any CPU.Build.0 = Debug|Any CPU
		{A0CC055D-1B69-40B4-8557-3B5031171A5C}.Release|Any CPU.ActiveCfg = Release|Any CPU
		{A0CC055D-1B69-40B4-8557-3B5031171A5C}.Release|Any CPU.Build.0 = Release|Any CPU
	EndGlobalSection
	GlobalSection(SolutionProperties) = preSolution
		HideSolutionNode = FALSE
	EndGlobalSection
	GlobalSection(ExtensibilityGlobals) = postSolution
		SolutionGuid = {B85A0A17-4C7D-456A-8F9A-C5A60162CCB2}
	EndGlobalSection
EndGlobal
