
Microsoft Visual Studio Solution File, Format Version 12.00
# Visual Studio Version 16
VisualStudioVersion = 16.0.29609.76
MinimumVisualStudioVersion = 10.0.40219.1
Project("{FAE04EC0-301F-11D3-BF4B-00C04F79EFBC}") = "EditorUITest", "EditorUITest\EditorUITest.csproj", "{32277638-9640-45B4-AD4F-49D1A6BD981C}"
EndProject
Global
	GlobalSection(SolutionConfigurationPlatforms) = preSolution
		Debug|Any CPU = Debug|Any CPU
		Release|Any CPU = Release|Any CPU
	EndGlobalSection
	GlobalSection(ProjectConfigurationPlatforms) = postSolution
		{32277638-9640-45B4-AD4F-49D1A6BD981C}.Debug|Any CPU.ActiveCfg = Debug|Any CPU
		{32277638-9640-45B4-AD4F-49D1A6BD981C}.Debug|Any CPU.Build.0 = Debug|Any CPU
		{32277638-9640-45B4-AD4F-49D1A6BD981C}.Release|Any CPU.ActiveCfg = Release|Any CPU
		{32277638-9640-45B4-AD4F-49D1A6BD981C}.Release|Any CPU.Build.0 = Release|Any CPU
	EndGlobalSection
	GlobalSection(SolutionProperties) = preSolution
		HideSolutionNode = FALSE
	EndGlobalSection
	GlobalSection(ExtensibilityGlobals) = postSolution
		SolutionGuid = {B85A0A17-4C7D-456A-8F9A-C5A60162CCB2}
	EndGlobalSection
EndGlobal
